
Microsoft Visual Studio Solution File, Format Version 12.00
# Visual Studio 14
VisualStudioVersion = 14.0.25420.1
MinimumVisualStudioVersion = 10.0.40219.1
Project("{FAE04EC0-301F-11D3-BF4B-00C04F79EFBC}") = "CameraViewControl.Droid", "CameraViewControl\CameraViewControl.Android\CameraViewControl.Droid.csproj", "{C10B278C-3FF1-44FB-A594-9EAEEB878258}"
EndProject
Project("{FAE04EC0-301F-11D3-BF4B-00C04F79EFBC}") = "CameraViewControl", "CameraViewControl\CameraViewControl\CameraViewControl.csproj", "{759DC629-D565-4AF0-B1F8-575D8CE3450F}"
EndProject
Project("{FAE04EC0-301F-11D3-BF4B-00C04F79EFBC}") = "CameraViewControl.UWP", "CameraViewControl\CameraViewControl.UWP\CameraViewControl.UWP.csproj", "{968149C8-06FC-4D24-97AB-B2479C9BBF16}"
EndProject
Project("{FAE04EC0-301F-11D3-BF4B-00C04F79EFBC}") = "CameraViewControl.iOS", "CameraViewControl\CameraViewControl.iOS\CameraViewControl.iOS.csproj", "{7152ADBC-C295-4CB1-998E-BB4ACEB0518C}"
EndProject
Global
	GlobalSection(SolutionConfigurationPlatforms) = preSolution
		Ad-Hoc|Any CPU = Ad-Hoc|Any CPU
		Ad-Hoc|ARM = Ad-Hoc|ARM
		Ad-Hoc|iPhone = Ad-Hoc|iPhone
		Ad-Hoc|iPhoneSimulator = Ad-Hoc|iPhoneSimulator
		Ad-Hoc|x64 = Ad-Hoc|x64
		Ad-Hoc|x86 = Ad-Hoc|x86
		AppStore|Any CPU = AppStore|Any CPU
		AppStore|ARM = AppStore|ARM
		AppStore|iPhone = AppStore|iPhone
		AppStore|iPhoneSimulator = AppStore|iPhoneSimulator
		AppStore|x64 = AppStore|x64
		AppStore|x86 = AppStore|x86
		Debug|Any CPU = Debug|Any CPU
		Debug|ARM = Debug|ARM
		Debug|iPhone = Debug|iPhone
		Debug|iPhoneSimulator = Debug|iPhoneSimulator
		Debug|x64 = Debug|x64
		Debug|x86 = Debug|x86
		Release|Any CPU = Release|Any CPU
		Release|ARM = Release|ARM
		Release|iPhone = Release|iPhone
		Release|iPhoneSimulator = Release|iPhoneSimulator
		Release|x64 = Release|x64
		Release|x86 = Release|x86
	EndGlobalSection
	GlobalSection(ProjectConfigurationPlatforms) = postSolution
		{C10B278C-3FF1-44FB-A594-9EAEEB878258}.Ad-Hoc|Any CPU.ActiveCfg = Release|Any CPU
		{C10B278C-3FF1-44FB-A594-9EAEEB878258}.Ad-Hoc|Any CPU.Build.0 = Release|Any CPU
		{C10B278C-3FF1-44FB-A594-9EAEEB878258}.Ad-Hoc|Any CPU.Deploy.0 = Release|Any CPU
		{C10B278C-3FF1-44FB-A594-9EAEEB878258}.Ad-Hoc|ARM.ActiveCfg = Release|Any CPU
		{C10B278C-3FF1-44FB-A594-9EAEEB878258}.Ad-Hoc|ARM.Build.0 = Release|Any CPU
		{C10B278C-3FF1-44FB-A594-9EAEEB878258}.Ad-Hoc|ARM.Deploy.0 = Release|Any CPU
		{C10B278C-3FF1-44FB-A594-9EAEEB878258}.Ad-Hoc|iPhone.ActiveCfg = Release|Any CPU
		{C10B278C-3FF1-44FB-A594-9EAEEB878258}.Ad-Hoc|iPhone.Build.0 = Release|Any CPU
		{C10B278C-3FF1-44FB-A594-9EAEEB878258}.Ad-Hoc|iPhone.Deploy.0 = Release|Any CPU
		{C10B278C-3FF1-44FB-A594-9EAEEB878258}.Ad-Hoc|iPhoneSimulator.ActiveCfg = Release|Any CPU
		{C10B278C-3FF1-44FB-A594-9EAEEB878258}.Ad-Hoc|iPhoneSimulator.Build.0 = Release|Any CPU
		{C10B278C-3FF1-44FB-A594-9EAEEB878258}.Ad-Hoc|iPhoneSimulator.Deploy.0 = Release|Any CPU
		{C10B278C-3FF1-44FB-A594-9EAEEB878258}.Ad-Hoc|x64.ActiveCfg = Release|Any CPU
		{C10B278C-3FF1-44FB-A594-9EAEEB878258}.Ad-Hoc|x64.Build.0 = Release|Any CPU
		{C10B278C-3FF1-44FB-A594-9EAEEB878258}.Ad-Hoc|x64.Deploy.0 = Release|Any CPU
		{C10B278C-3FF1-44FB-A594-9EAEEB878258}.Ad-Hoc|x86.ActiveCfg = Release|Any CPU
		{C10B278C-3FF1-44FB-A594-9EAEEB878258}.Ad-Hoc|x86.Build.0 = Release|Any CPU
		{C10B278C-3FF1-44FB-A594-9EAEEB878258}.Ad-Hoc|x86.Deploy.0 = Release|Any CPU
		{C10B278C-3FF1-44FB-A594-9EAEEB878258}.AppStore|Any CPU.ActiveCfg = Release|Any CPU
		{C10B278C-3FF1-44FB-A594-9EAEEB878258}.AppStore|Any CPU.Build.0 = Release|Any CPU
		{C10B278C-3FF1-44FB-A594-9EAEEB878258}.AppStore|Any CPU.Deploy.0 = Release|Any CPU
		{C10B278C-3FF1-44FB-A594-9EAEEB878258}.AppStore|ARM.ActiveCfg = Release|Any CPU
		{C10B278C-3FF1-44FB-A594-9EAEEB878258}.AppStore|ARM.Build.0 = Release|Any CPU
		{C10B278C-3FF1-44FB-A594-9EAEEB878258}.AppStore|ARM.Deploy.0 = Release|Any CPU
		{C10B278C-3FF1-44FB-A594-9EAEEB878258}.AppStore|iPhone.ActiveCfg = Release|Any CPU
		{C10B278C-3FF1-44FB-A594-9EAEEB878258}.AppStore|iPhone.Build.0 = Release|Any CPU
		{C10B278C-3FF1-44FB-A594-9EAEEB878258}.AppStore|iPhone.Deploy.0 = Release|Any CPU
		{C10B278C-3FF1-44FB-A594-9EAEEB878258}.AppStore|iPhoneSimulator.ActiveCfg = Release|Any CPU
		{C10B278C-3FF1-44FB-A594-9EAEEB878258}.AppStore|iPhoneSimulator.Build.0 = Release|Any CPU
		{C10B278C-3FF1-44FB-A594-9EAEEB878258}.AppStore|iPhoneSimulator.Deploy.0 = Release|Any CPU
		{C10B278C-3FF1-44FB-A594-9EAEEB878258}.AppStore|x64.ActiveCfg = Release|Any CPU
		{C10B278C-3FF1-44FB-A594-9EAEEB878258}.AppStore|x64.Build.0 = Release|Any CPU
		{C10B278C-3FF1-44FB-A594-9EAEEB878258}.AppStore|x64.Deploy.0 = Release|Any CPU
		{C10B278C-3FF1-44FB-A594-9EAEEB878258}.AppStore|x86.ActiveCfg = Release|Any CPU
		{C10B278C-3FF1-44FB-A594-9EAEEB878258}.AppStore|x86.Build.0 = Release|Any CPU
		{C10B278C-3FF1-44FB-A594-9EAEEB878258}.AppStore|x86.Deploy.0 = Release|Any CPU
		{C10B278C-3FF1-44FB-A594-9EAEEB878258}.Debug|Any CPU.ActiveCfg = Debug|Any CPU
		{C10B278C-3FF1-44FB-A594-9EAEEB878258}.Debug|Any CPU.Build.0 = Debug|Any CPU
		{C10B278C-3FF1-44FB-A594-9EAEEB878258}.Debug|Any CPU.Deploy.0 = Debug|Any CPU
		{C10B278C-3FF1-44FB-A594-9EAEEB878258}.Debug|ARM.ActiveCfg = Debug|Any CPU
		{C10B278C-3FF1-44FB-A594-9EAEEB878258}.Debug|ARM.Build.0 = Debug|Any CPU
		{C10B278C-3FF1-44FB-A594-9EAEEB878258}.Debug|ARM.Deploy.0 = Debug|Any CPU
		{C10B278C-3FF1-44FB-A594-9EAEEB878258}.Debug|iPhone.ActiveCfg = Debug|Any CPU
		{C10B278C-3FF1-44FB-A594-9EAEEB878258}.Debug|iPhone.Build.0 = Debug|Any CPU
		{C10B278C-3FF1-44FB-A594-9EAEEB878258}.Debug|iPhone.Deploy.0 = Debug|Any CPU
		{C10B278C-3FF1-44FB-A594-9EAEEB878258}.Debug|iPhoneSimulator.ActiveCfg = Debug|Any CPU
		{C10B278C-3FF1-44FB-A594-9EAEEB878258}.Debug|iPhoneSimulator.Build.0 = Debug|Any CPU
		{C10B278C-3FF1-44FB-A594-9EAEEB878258}.Debug|iPhoneSimulator.Deploy.0 = Debug|Any CPU
		{C10B278C-3FF1-44FB-A594-9EAEEB878258}.Debug|x64.ActiveCfg = Debug|Any CPU
		{C10B278C-3FF1-44FB-A594-9EAEEB878258}.Debug|x64.Build.0 = Debug|Any CPU
		{C10B278C-3FF1-44FB-A594-9EAEEB878258}.Debug|x64.Deploy.0 = Debug|Any CPU
		{C10B278C-3FF1-44FB-A594-9EAEEB878258}.Debug|x86.ActiveCfg = Debug|Any CPU
		{C10B278C-3FF1-44FB-A594-9EAEEB878258}.Debug|x86.Build.0 = Debug|Any CPU
		{C10B278C-3FF1-44FB-A594-9EAEEB878258}.Debug|x86.Deploy.0 = Debug|Any CPU
		{C10B278C-3FF1-44FB-A594-9EAEEB878258}.Release|Any CPU.ActiveCfg = Release|Any CPU
		{C10B278C-3FF1-44FB-A594-9EAEEB878258}.Release|Any CPU.Build.0 = Release|Any CPU
		{C10B278C-3FF1-44FB-A594-9EAEEB878258}.Release|Any CPU.Deploy.0 = Release|Any CPU
		{C10B278C-3FF1-44FB-A594-9EAEEB878258}.Release|ARM.ActiveCfg = Release|Any CPU
		{C10B278C-3FF1-44FB-A594-9EAEEB878258}.Release|ARM.Build.0 = Release|Any CPU
		{C10B278C-3FF1-44FB-A594-9EAEEB878258}.Release|ARM.Deploy.0 = Release|Any CPU
		{C10B278C-3FF1-44FB-A594-9EAEEB878258}.Release|iPhone.ActiveCfg = Release|Any CPU
		{C10B278C-3FF1-44FB-A594-9EAEEB878258}.Release|iPhone.Build.0 = Release|Any CPU
		{C10B278C-3FF1-44FB-A594-9EAEEB878258}.Release|iPhone.Deploy.0 = Release|Any CPU
		{C10B278C-3FF1-44FB-A594-9EAEEB878258}.Release|iPhoneSimulator.ActiveCfg = Release|Any CPU
		{C10B278C-3FF1-44FB-A594-9EAEEB878258}.Release|iPhoneSimulator.Build.0 = Release|Any CPU
		{C10B278C-3FF1-44FB-A594-9EAEEB878258}.Release|iPhoneSimulator.Deploy.0 = Release|Any CPU
		{C10B278C-3FF1-44FB-A594-9EAEEB878258}.Release|x64.ActiveCfg = Release|Any CPU
		{C10B278C-3FF1-44FB-A594-9EAEEB878258}.Release|x64.Build.0 = Release|Any CPU
		{C10B278C-3FF1-44FB-A594-9EAEEB878258}.Release|x64.Deploy.0 = Release|Any CPU
		{C10B278C-3FF1-44FB-A594-9EAEEB878258}.Release|x86.ActiveCfg = Release|Any CPU
		{C10B278C-3FF1-44FB-A594-9EAEEB878258}.Release|x86.Build.0 = Release|Any CPU
		{C10B278C-3FF1-44FB-A594-9EAEEB878258}.Release|x86.Deploy.0 = Release|Any CPU
		{759DC629-D565-4AF0-B1F8-575D8CE3450F}.Ad-Hoc|Any CPU.ActiveCfg = Release|Any CPU
		{759DC629-D565-4AF0-B1F8-575D8CE3450F}.Ad-Hoc|Any CPU.Build.0 = Release|Any CPU
		{759DC629-D565-4AF0-B1F8-575D8CE3450F}.Ad-Hoc|Any CPU.Deploy.0 = Release|Any CPU
		{759DC629-D565-4AF0-B1F8-575D8CE3450F}.Ad-Hoc|ARM.ActiveCfg = Release|Any CPU
		{759DC629-D565-4AF0-B1F8-575D8CE3450F}.Ad-Hoc|ARM.Build.0 = Release|Any CPU
		{759DC629-D565-4AF0-B1F8-575D8CE3450F}.Ad-Hoc|ARM.Deploy.0 = Release|Any CPU
		{759DC629-D565-4AF0-B1F8-575D8CE3450F}.Ad-Hoc|iPhone.ActiveCfg = Release|Any CPU
		{759DC629-D565-4AF0-B1F8-575D8CE3450F}.Ad-Hoc|iPhone.Build.0 = Release|Any CPU
		{759DC629-D565-4AF0-B1F8-575D8CE3450F}.Ad-Hoc|iPhone.Deploy.0 = Release|Any CPU
		{759DC629-D565-4AF0-B1F8-575D8CE3450F}.Ad-Hoc|iPhoneSimulator.ActiveCfg = Release|Any CPU
		{759DC629-D565-4AF0-B1F8-575D8CE3450F}.Ad-Hoc|iPhoneSimulator.Build.0 = Release|Any CPU
		{759DC629-D565-4AF0-B1F8-575D8CE3450F}.Ad-Hoc|iPhoneSimulator.Deploy.0 = Release|Any CPU
		{759DC629-D565-4AF0-B1F8-575D8CE3450F}.Ad-Hoc|x64.ActiveCfg = Release|Any CPU
		{759DC629-D565-4AF0-B1F8-575D8CE3450F}.Ad-Hoc|x64.Build.0 = Release|Any CPU
		{759DC629-D565-4AF0-B1F8-575D8CE3450F}.Ad-Hoc|x64.Deploy.0 = Release|Any CPU
		{759DC629-D565-4AF0-B1F8-575D8CE3450F}.Ad-Hoc|x86.ActiveCfg = Release|Any CPU
		{759DC629-D565-4AF0-B1F8-575D8CE3450F}.Ad-Hoc|x86.Build.0 = Release|Any CPU
		{759DC629-D565-4AF0-B1F8-575D8CE3450F}.Ad-Hoc|x86.Deploy.0 = Release|Any CPU
		{759DC629-D565-4AF0-B1F8-575D8CE3450F}.AppStore|Any CPU.ActiveCfg = Release|Any CPU
		{759DC629-D565-4AF0-B1F8-575D8CE3450F}.AppStore|Any CPU.Build.0 = Release|Any CPU
		{759DC629-D565-4AF0-B1F8-575D8CE3450F}.AppStore|Any CPU.Deploy.0 = Release|Any CPU
		{759DC629-D565-4AF0-B1F8-575D8CE3450F}.AppStore|ARM.ActiveCfg = Release|Any CPU
		{759DC629-D565-4AF0-B1F8-575D8CE3450F}.AppStore|ARM.Build.0 = Release|Any CPU
		{759DC629-D565-4AF0-B1F8-575D8CE3450F}.AppStore|ARM.Deploy.0 = Release|Any CPU
		{759DC629-D565-4AF0-B1F8-575D8CE3450F}.AppStore|iPhone.ActiveCfg = Release|Any CPU
		{759DC629-D565-4AF0-B1F8-575D8CE3450F}.AppStore|iPhone.Build.0 = Release|Any CPU
		{759DC629-D565-4AF0-B1F8-575D8CE3450F}.AppStore|iPhone.Deploy.0 = Release|Any CPU
		{759DC629-D565-4AF0-B1F8-575D8CE3450F}.AppStore|iPhoneSimulator.ActiveCfg = Release|Any CPU
		{759DC629-D565-4AF0-B1F8-575D8CE3450F}.AppStore|iPhoneSimulator.Build.0 = Release|Any CPU
		{759DC629-D565-4AF0-B1F8-575D8CE3450F}.AppStore|iPhoneSimulator.Deploy.0 = Release|Any CPU
		{759DC629-D565-4AF0-B1F8-575D8CE3450F}.AppStore|x64.ActiveCfg = Release|Any CPU
		{759DC629-D565-4AF0-B1F8-575D8CE3450F}.AppStore|x64.Build.0 = Release|Any CPU
		{759DC629-D565-4AF0-B1F8-575D8CE3450F}.AppStore|x64.Deploy.0 = Release|Any CPU
		{759DC629-D565-4AF0-B1F8-575D8CE3450F}.AppStore|x86.ActiveCfg = Release|Any CPU
		{759DC629-D565-4AF0-B1F8-575D8CE3450F}.AppStore|x86.Build.0 = Release|Any CPU
		{759DC629-D565-4AF0-B1F8-575D8CE3450F}.AppStore|x86.Deploy.0 = Release|Any CPU
		{759DC629-D565-4AF0-B1F8-575D8CE3450F}.Debug|Any CPU.ActiveCfg = Debug|Any CPU
		{759DC629-D565-4AF0-B1F8-575D8CE3450F}.Debug|Any CPU.Build.0 = Debug|Any CPU
		{759DC629-D565-4AF0-B1F8-575D8CE3450F}.Debug|Any CPU.Deploy.0 = Debug|Any CPU
		{759DC629-D565-4AF0-B1F8-575D8CE3450F}.Debug|ARM.ActiveCfg = Debug|Any CPU
		{759DC629-D565-4AF0-B1F8-575D8CE3450F}.Debug|ARM.Build.0 = Debug|Any CPU
		{759DC629-D565-4AF0-B1F8-575D8CE3450F}.Debug|ARM.Deploy.0 = Debug|Any CPU
		{759DC629-D565-4AF0-B1F8-575D8CE3450F}.Debug|iPhone.ActiveCfg = Debug|Any CPU
		{759DC629-D565-4AF0-B1F8-575D8CE3450F}.Debug|iPhone.Build.0 = Debug|Any CPU
		{759DC629-D565-4AF0-B1F8-575D8CE3450F}.Debug|iPhone.Deploy.0 = Debug|Any CPU
		{759DC629-D565-4AF0-B1F8-575D8CE3450F}.Debug|iPhoneSimulator.ActiveCfg = Debug|Any CPU
		{759DC629-D565-4AF0-B1F8-575D8CE3450F}.Debug|iPhoneSimulator.Build.0 = Debug|Any CPU
		{759DC629-D565-4AF0-B1F8-575D8CE3450F}.Debug|iPhoneSimulator.Deploy.0 = Debug|Any CPU
		{759DC629-D565-4AF0-B1F8-575D8CE3450F}.Debug|x64.ActiveCfg = Debug|Any CPU
		{759DC629-D565-4AF0-B1F8-575D8CE3450F}.Debug|x64.Build.0 = Debug|Any CPU
		{759DC629-D565-4AF0-B1F8-575D8CE3450F}.Debug|x64.Deploy.0 = Debug|Any CPU
		{759DC629-D565-4AF0-B1F8-575D8CE3450F}.Debug|x86.ActiveCfg = Debug|Any CPU
		{759DC629-D565-4AF0-B1F8-575D8CE3450F}.Debug|x86.Build.0 = Debug|Any CPU
		{759DC629-D565-4AF0-B1F8-575D8CE3450F}.Debug|x86.Deploy.0 = Debug|Any CPU
		{759DC629-D565-4AF0-B1F8-575D8CE3450F}.Release|Any CPU.ActiveCfg = Release|Any CPU
		{759DC629-D565-4AF0-B1F8-575D8CE3450F}.Release|Any CPU.Build.0 = Release|Any CPU
		{759DC629-D565-4AF0-B1F8-575D8CE3450F}.Release|Any CPU.Deploy.0 = Release|Any CPU
		{759DC629-D565-4AF0-B1F8-575D8CE3450F}.Release|ARM.ActiveCfg = Release|Any CPU
		{759DC629-D565-4AF0-B1F8-575D8CE3450F}.Release|ARM.Build.0 = Release|Any CPU
		{759DC629-D565-4AF0-B1F8-575D8CE3450F}.Release|ARM.Deploy.0 = Release|Any CPU
		{759DC629-D565-4AF0-B1F8-575D8CE3450F}.Release|iPhone.ActiveCfg = Release|Any CPU
		{759DC629-D565-4AF0-B1F8-575D8CE3450F}.Release|iPhone.Build.0 = Release|Any CPU
		{759DC629-D565-4AF0-B1F8-575D8CE3450F}.Release|iPhone.Deploy.0 = Release|Any CPU
		{759DC629-D565-4AF0-B1F8-575D8CE3450F}.Release|iPhoneSimulator.ActiveCfg = Release|Any CPU
		{759DC629-D565-4AF0-B1F8-575D8CE3450F}.Release|iPhoneSimulator.Build.0 = Release|Any CPU
		{759DC629-D565-4AF0-B1F8-575D8CE3450F}.Release|iPhoneSimulator.Deploy.0 = Release|Any CPU
		{759DC629-D565-4AF0-B1F8-575D8CE3450F}.Release|x64.ActiveCfg = Release|Any CPU
		{759DC629-D565-4AF0-B1F8-575D8CE3450F}.Release|x64.Build.0 = Release|Any CPU
		{759DC629-D565-4AF0-B1F8-575D8CE3450F}.Release|x64.Deploy.0 = Release|Any CPU
		{759DC629-D565-4AF0-B1F8-575D8CE3450F}.Release|x86.ActiveCfg = Release|Any CPU
		{759DC629-D565-4AF0-B1F8-575D8CE3450F}.Release|x86.Build.0 = Release|Any CPU
		{759DC629-D565-4AF0-B1F8-575D8CE3450F}.Release|x86.Deploy.0 = Release|Any CPU
		{968149C8-06FC-4D24-97AB-B2479C9BBF16}.Ad-Hoc|Any CPU.ActiveCfg = Release|x86
		{968149C8-06FC-4D24-97AB-B2479C9BBF16}.Ad-Hoc|Any CPU.Build.0 = Release|x86
		{968149C8-06FC-4D24-97AB-B2479C9BBF16}.Ad-Hoc|Any CPU.Deploy.0 = Release|x86
		{968149C8-06FC-4D24-97AB-B2479C9BBF16}.Ad-Hoc|ARM.ActiveCfg = Release|ARM
		{968149C8-06FC-4D24-97AB-B2479C9BBF16}.Ad-Hoc|ARM.Build.0 = Release|ARM
		{968149C8-06FC-4D24-97AB-B2479C9BBF16}.Ad-Hoc|ARM.Deploy.0 = Release|ARM
		{968149C8-06FC-4D24-97AB-B2479C9BBF16}.Ad-Hoc|iPhone.ActiveCfg = Release|x86
		{968149C8-06FC-4D24-97AB-B2479C9BBF16}.Ad-Hoc|iPhone.Build.0 = Release|x86
		{968149C8-06FC-4D24-97AB-B2479C9BBF16}.Ad-Hoc|iPhone.Deploy.0 = Release|x86
		{968149C8-06FC-4D24-97AB-B2479C9BBF16}.Ad-Hoc|iPhoneSimulator.ActiveCfg = Release|x86
		{968149C8-06FC-4D24-97AB-B2479C9BBF16}.Ad-Hoc|iPhoneSimulator.Build.0 = Release|x86
		{968149C8-06FC-4D24-97AB-B2479C9BBF16}.Ad-Hoc|iPhoneSimulator.Deploy.0 = Release|x86
		{968149C8-06FC-4D24-97AB-B2479C9BBF16}.Ad-Hoc|x64.ActiveCfg = Release|x64
		{968149C8-06FC-4D24-97AB-B2479C9BBF16}.Ad-Hoc|x64.Build.0 = Release|x64
		{968149C8-06FC-4D24-97AB-B2479C9BBF16}.Ad-Hoc|x64.Deploy.0 = Release|x64
		{968149C8-06FC-4D24-97AB-B2479C9BBF16}.Ad-Hoc|x86.ActiveCfg = Release|x86
		{968149C8-06FC-4D24-97AB-B2479C9BBF16}.Ad-Hoc|x86.Build.0 = Release|x86
		{968149C8-06FC-4D24-97AB-B2479C9BBF16}.Ad-Hoc|x86.Deploy.0 = Release|x86
		{968149C8-06FC-4D24-97AB-B2479C9BBF16}.AppStore|Any CPU.ActiveCfg = Release|x86
		{968149C8-06FC-4D24-97AB-B2479C9BBF16}.AppStore|Any CPU.Build.0 = Release|x86
		{968149C8-06FC-4D24-97AB-B2479C9BBF16}.AppStore|Any CPU.Deploy.0 = Release|x86
		{968149C8-06FC-4D24-97AB-B2479C9BBF16}.AppStore|ARM.ActiveCfg = Release|ARM
		{968149C8-06FC-4D24-97AB-B2479C9BBF16}.AppStore|ARM.Build.0 = Release|ARM
		{968149C8-06FC-4D24-97AB-B2479C9BBF16}.AppStore|ARM.Deploy.0 = Release|ARM
		{968149C8-06FC-4D24-97AB-B2479C9BBF16}.AppStore|iPhone.ActiveCfg = Release|x86
		{968149C8-06FC-4D24-97AB-B2479C9BBF16}.AppStore|iPhone.Build.0 = Release|x86
		{968149C8-06FC-4D24-97AB-B2479C9BBF16}.AppStore|iPhone.Deploy.0 = Release|x86
		{968149C8-06FC-4D24-97AB-B2479C9BBF16}.AppStore|iPhoneSimulator.ActiveCfg = Release|x86
		{968149C8-06FC-4D24-97AB-B2479C9BBF16}.AppStore|iPhoneSimulator.Build.0 = Release|x86
		{968149C8-06FC-4D24-97AB-B2479C9BBF16}.AppStore|iPhoneSimulator.Deploy.0 = Release|x86
		{968149C8-06FC-4D24-97AB-B2479C9BBF16}.AppStore|x64.ActiveCfg = Release|x64
		{968149C8-06FC-4D24-97AB-B2479C9BBF16}.AppStore|x64.Build.0 = Release|x64
		{968149C8-06FC-4D24-97AB-B2479C9BBF16}.AppStore|x64.Deploy.0 = Release|x64
		{968149C8-06FC-4D24-97AB-B2479C9BBF16}.AppStore|x86.ActiveCfg = Release|x86
		{968149C8-06FC-4D24-97AB-B2479C9BBF16}.AppStore|x86.Build.0 = Release|x86
		{968149C8-06FC-4D24-97AB-B2479C9BBF16}.AppStore|x86.Deploy.0 = Release|x86
		{968149C8-06FC-4D24-97AB-B2479C9BBF16}.Debug|Any CPU.ActiveCfg = Debug|x86
		{968149C8-06FC-4D24-97AB-B2479C9BBF16}.Debug|Any CPU.Build.0 = Debug|x86
		{968149C8-06FC-4D24-97AB-B2479C9BBF16}.Debug|Any CPU.Deploy.0 = Debug|x86
		{968149C8-06FC-4D24-97AB-B2479C9BBF16}.Debug|ARM.ActiveCfg = Debug|ARM
		{968149C8-06FC-4D24-97AB-B2479C9BBF16}.Debug|ARM.Build.0 = Debug|ARM
		{968149C8-06FC-4D24-97AB-B2479C9BBF16}.Debug|ARM.Deploy.0 = Debug|ARM
		{968149C8-06FC-4D24-97AB-B2479C9BBF16}.Debug|iPhone.ActiveCfg = Debug|x86
		{968149C8-06FC-4D24-97AB-B2479C9BBF16}.Debug|iPhone.Build.0 = Debug|x86
		{968149C8-06FC-4D24-97AB-B2479C9BBF16}.Debug|iPhone.Deploy.0 = Debug|x86
		{968149C8-06FC-4D24-97AB-B2479C9BBF16}.Debug|iPhoneSimulator.ActiveCfg = Debug|x86
		{968149C8-06FC-4D24-97AB-B2479C9BBF16}.Debug|iPhoneSimulator.Build.0 = Debug|x86
		{968149C8-06FC-4D24-97AB-B2479C9BBF16}.Debug|iPhoneSimulator.Deploy.0 = Debug|x86
		{968149C8-06FC-4D24-97AB-B2479C9BBF16}.Debug|x64.ActiveCfg = Debug|x64
		{968149C8-06FC-4D24-97AB-B2479C9BBF16}.Debug|x64.Build.0 = Debug|x64
		{968149C8-06FC-4D24-97AB-B2479C9BBF16}.Debug|x64.Deploy.0 = Debug|x64
		{968149C8-06FC-4D24-97AB-B2479C9BBF16}.Debug|x86.ActiveCfg = Debug|x86
		{968149C8-06FC-4D24-97AB-B2479C9BBF16}.Debug|x86.Build.0 = Debug|x86
		{968149C8-06FC-4D24-97AB-B2479C9BBF16}.Debug|x86.Deploy.0 = Debug|x86
		{968149C8-06FC-4D24-97AB-B2479C9BBF16}.Release|Any CPU.ActiveCfg = Release|x86
		{968149C8-06FC-4D24-97AB-B2479C9BBF16}.Release|Any CPU.Build.0 = Release|x86
		{968149C8-06FC-4D24-97AB-B2479C9BBF16}.Release|Any CPU.Deploy.0 = Release|x86
		{968149C8-06FC-4D24-97AB-B2479C9BBF16}.Release|ARM.ActiveCfg = Release|ARM
		{968149C8-06FC-4D24-97AB-B2479C9BBF16}.Release|ARM.Build.0 = Release|ARM
		{968149C8-06FC-4D24-97AB-B2479C9BBF16}.Release|ARM.Deploy.0 = Release|ARM
		{968149C8-06FC-4D24-97AB-B2479C9BBF16}.Release|iPhone.ActiveCfg = Release|x86
		{968149C8-06FC-4D24-97AB-B2479C9BBF16}.Release|iPhone.Build.0 = Release|x86
		{968149C8-06FC-4D24-97AB-B2479C9BBF16}.Release|iPhone.Deploy.0 = Release|x86
		{968149C8-06FC-4D24-97AB-B2479C9BBF16}.Release|iPhoneSimulator.ActiveCfg = Release|x86
		{968149C8-06FC-4D24-97AB-B2479C9BBF16}.Release|iPhoneSimulator.Build.0 = Release|x86
		{968149C8-06FC-4D24-97AB-B2479C9BBF16}.Release|iPhoneSimulator.Deploy.0 = Release|x86
		{968149C8-06FC-4D24-97AB-B2479C9BBF16}.Release|x64.ActiveCfg = Release|x64
		{968149C8-06FC-4D24-97AB-B2479C9BBF16}.Release|x64.Build.0 = Release|x64
		{968149C8-06FC-4D24-97AB-B2479C9BBF16}.Release|x64.Deploy.0 = Release|x64
		{968149C8-06FC-4D24-97AB-B2479C9BBF16}.Release|x86.ActiveCfg = Release|x86
		{968149C8-06FC-4D24-97AB-B2479C9BBF16}.Release|x86.Build.0 = Release|x86
		{968149C8-06FC-4D24-97AB-B2479C9BBF16}.Release|x86.Deploy.0 = Release|x86
		{7152ADBC-C295-4CB1-998E-BB4ACEB0518C}.Ad-Hoc|Any CPU.ActiveCfg = Ad-Hoc|iPhone
		{7152ADBC-C295-4CB1-998E-BB4ACEB0518C}.Ad-Hoc|Any CPU.Build.0 = Ad-Hoc|iPhone
		{7152ADBC-C295-4CB1-998E-BB4ACEB0518C}.Ad-Hoc|Any CPU.Deploy.0 = Ad-Hoc|iPhone
		{7152ADBC-C295-4CB1-998E-BB4ACEB0518C}.Ad-Hoc|ARM.ActiveCfg = Ad-Hoc|iPhone
		{7152ADBC-C295-4CB1-998E-BB4ACEB0518C}.Ad-Hoc|ARM.Build.0 = Ad-Hoc|iPhone
		{7152ADBC-C295-4CB1-998E-BB4ACEB0518C}.Ad-Hoc|ARM.Deploy.0 = Ad-Hoc|iPhone
		{7152ADBC-C295-4CB1-998E-BB4ACEB0518C}.Ad-Hoc|iPhone.ActiveCfg = Ad-Hoc|iPhone
		{7152ADBC-C295-4CB1-998E-BB4ACEB0518C}.Ad-Hoc|iPhone.Build.0 = Ad-Hoc|iPhone
		{7152ADBC-C295-4CB1-998E-BB4ACEB0518C}.Ad-Hoc|iPhone.Deploy.0 = Ad-Hoc|iPhone
		{7152ADBC-C295-4CB1-998E-BB4ACEB0518C}.Ad-Hoc|iPhoneSimulator.ActiveCfg = Ad-Hoc|iPhoneSimulator
		{7152ADBC-C295-4CB1-998E-BB4ACEB0518C}.Ad-Hoc|iPhoneSimulator.Build.0 = Ad-Hoc|iPhoneSimulator
		{7152ADBC-C295-4CB1-998E-BB4ACEB0518C}.Ad-Hoc|iPhoneSimulator.Deploy.0 = Ad-Hoc|iPhoneSimulator
		{7152ADBC-C295-4CB1-998E-BB4ACEB0518C}.Ad-Hoc|x64.ActiveCfg = Ad-Hoc|iPhone
		{7152ADBC-C295-4CB1-998E-BB4ACEB0518C}.Ad-Hoc|x64.Build.0 = Ad-Hoc|iPhone
		{7152ADBC-C295-4CB1-998E-BB4ACEB0518C}.Ad-Hoc|x64.Deploy.0 = Ad-Hoc|iPhone
		{7152ADBC-C295-4CB1-998E-BB4ACEB0518C}.Ad-Hoc|x86.ActiveCfg = Ad-Hoc|iPhone
		{7152ADBC-C295-4CB1-998E-BB4ACEB0518C}.Ad-Hoc|x86.Build.0 = Ad-Hoc|iPhone
		{7152ADBC-C295-4CB1-998E-BB4ACEB0518C}.Ad-Hoc|x86.Deploy.0 = Ad-Hoc|iPhone
		{7152ADBC-C295-4CB1-998E-BB4ACEB0518C}.AppStore|Any CPU.ActiveCfg = AppStore|iPhone
		{7152ADBC-C295-4CB1-998E-BB4ACEB0518C}.AppStore|Any CPU.Build.0 = AppStore|iPhone
		{7152ADBC-C295-4CB1-998E-BB4ACEB0518C}.AppStore|Any CPU.Deploy.0 = AppStore|iPhone
		{7152ADBC-C295-4CB1-998E-BB4ACEB0518C}.AppStore|ARM.ActiveCfg = AppStore|iPhone
		{7152ADBC-C295-4CB1-998E-BB4ACEB0518C}.AppStore|ARM.Build.0 = AppStore|iPhone
		{7152ADBC-C295-4CB1-998E-BB4ACEB0518C}.AppStore|ARM.Deploy.0 = AppStore|iPhone
		{7152ADBC-C295-4CB1-998E-BB4ACEB0518C}.AppStore|iPhone.ActiveCfg = AppStore|iPhone
		{7152ADBC-C295-4CB1-998E-BB4ACEB0518C}.AppStore|iPhone.Build.0 = AppStore|iPhone
		{7152ADBC-C295-4CB1-998E-BB4ACEB0518C}.AppStore|iPhone.Deploy.0 = AppStore|iPhone
		{7152ADBC-C295-4CB1-998E-BB4ACEB0518C}.AppStore|iPhoneSimulator.ActiveCfg = AppStore|iPhoneSimulator
		{7152ADBC-C295-4CB1-998E-BB4ACEB0518C}.AppStore|iPhoneSimulator.Build.0 = AppStore|iPhoneSimulator
		{7152ADBC-C295-4CB1-998E-BB4ACEB0518C}.AppStore|iPhoneSimulator.Deploy.0 = AppStore|iPhoneSimulator
		{7152ADBC-C295-4CB1-998E-BB4ACEB0518C}.AppStore|x64.ActiveCfg = AppStore|iPhone
		{7152ADBC-C295-4CB1-998E-BB4ACEB0518C}.AppStore|x64.Build.0 = AppStore|iPhone
		{7152ADBC-C295-4CB1-998E-BB4ACEB0518C}.AppStore|x64.Deploy.0 = AppStore|iPhone
		{7152ADBC-C295-4CB1-998E-BB4ACEB0518C}.AppStore|x86.ActiveCfg = AppStore|iPhone
		{7152ADBC-C295-4CB1-998E-BB4ACEB0518C}.AppStore|x86.Build.0 = AppStore|iPhone
		{7152ADBC-C295-4CB1-998E-BB4ACEB0518C}.AppStore|x86.Deploy.0 = AppStore|iPhone
		{7152ADBC-C295-4CB1-998E-BB4ACEB0518C}.Debug|Any CPU.ActiveCfg = Debug|iPhoneSimulator
		{7152ADBC-C295-4CB1-998E-BB4ACEB0518C}.Debug|Any CPU.Build.0 = Debug|iPhoneSimulator
		{7152ADBC-C295-4CB1-998E-BB4ACEB0518C}.Debug|Any CPU.Deploy.0 = Debug|iPhoneSimulator
		{7152ADBC-C295-4CB1-998E-BB4ACEB0518C}.Debug|ARM.ActiveCfg = Debug|iPhone
		{7152ADBC-C295-4CB1-998E-BB4ACEB0518C}.Debug|ARM.Build.0 = Debug|iPhone
		{7152ADBC-C295-4CB1-998E-BB4ACEB0518C}.Debug|ARM.Deploy.0 = Debug|iPhone
		{7152ADBC-C295-4CB1-998E-BB4ACEB0518C}.Debug|iPhone.ActiveCfg = Debug|iPhone
		{7152ADBC-C295-4CB1-998E-BB4ACEB0518C}.Debug|iPhone.Build.0 = Debug|iPhone
		{7152ADBC-C295-4CB1-998E-BB4ACEB0518C}.Debug|iPhone.Deploy.0 = Debug|iPhone
		{7152ADBC-C295-4CB1-998E-BB4ACEB0518C}.Debug|iPhoneSimulator.ActiveCfg = Debug|iPhoneSimulator
		{7152ADBC-C295-4CB1-998E-BB4ACEB0518C}.Debug|iPhoneSimulator.Build.0 = Debug|iPhoneSimulator
		{7152ADBC-C295-4CB1-998E-BB4ACEB0518C}.Debug|iPhoneSimulator.Deploy.0 = Debug|iPhoneSimulator
		{7152ADBC-C295-4CB1-998E-BB4ACEB0518C}.Debug|x64.ActiveCfg = Debug|iPhone
		{7152ADBC-C295-4CB1-998E-BB4ACEB0518C}.Debug|x64.Build.0 = Debug|iPhone
		{7152ADBC-C295-4CB1-998E-BB4ACEB0518C}.Debug|x64.Deploy.0 = Debug|iPhone
		{7152ADBC-C295-4CB1-998E-BB4ACEB0518C}.Debug|x86.ActiveCfg = Debug|iPhone
		{7152ADBC-C295-4CB1-998E-BB4ACEB0518C}.Debug|x86.Build.0 = Debug|iPhone
		{7152ADBC-C295-4CB1-998E-BB4ACEB0518C}.Debug|x86.Deploy.0 = Debug|iPhone
		{7152ADBC-C295-4CB1-998E-BB4ACEB0518C}.Release|Any CPU.ActiveCfg = Release|iPhone
		{7152ADBC-C295-4CB1-998E-BB4ACEB0518C}.Release|Any CPU.Build.0 = Release|iPhone
		{7152ADBC-C295-4CB1-998E-BB4ACEB0518C}.Release|Any CPU.Deploy.0 = Release|iPhone
		{7152ADBC-C295-4CB1-998E-BB4ACEB0518C}.Release|ARM.ActiveCfg = Release|iPhone
		{7152ADBC-C295-4CB1-998E-BB4ACEB0518C}.Release|ARM.Build.0 = Release|iPhone
		{7152ADBC-C295-4CB1-998E-BB4ACEB0518C}.Release|ARM.Deploy.0 = Release|iPhone
		{7152ADBC-C295-4CB1-998E-BB4ACEB0518C}.Release|iPhone.ActiveCfg = Release|iPhone
		{7152ADBC-C295-4CB1-998E-BB4ACEB0518C}.Release|iPhone.Build.0 = Release|iPhone
		{7152ADBC-C295-4CB1-998E-BB4ACEB0518C}.Release|iPhone.Deploy.0 = Release|iPhone
		{7152ADBC-C295-4CB1-998E-BB4ACEB0518C}.Release|iPhoneSimulator.ActiveCfg = Release|iPhoneSimulator
		{7152ADBC-C295-4CB1-998E-BB4ACEB0518C}.Release|iPhoneSimulator.Build.0 = Release|iPhoneSimulator
		{7152ADBC-C295-4CB1-998E-BB4ACEB0518C}.Release|iPhoneSimulator.Deploy.0 = Release|iPhoneSimulator
		{7152ADBC-C295-4CB1-998E-BB4ACEB0518C}.Release|x64.ActiveCfg = Release|iPhone
		{7152ADBC-C295-4CB1-998E-BB4ACEB0518C}.Release|x64.Build.0 = Release|iPhone
		{7152ADBC-C295-4CB1-998E-BB4ACEB0518C}.Release|x64.Deploy.0 = Release|iPhone
		{7152ADBC-C295-4CB1-998E-BB4ACEB0518C}.Release|x86.ActiveCfg = Release|iPhone
		{7152ADBC-C295-4CB1-998E-BB4ACEB0518C}.Release|x86.Build.0 = Release|iPhone
		{7152ADBC-C295-4CB1-998E-BB4ACEB0518C}.Release|x86.Deploy.0 = Release|iPhone
	EndGlobalSection
	GlobalSection(SolutionProperties) = preSolution
		HideSolutionNode = FALSE
	EndGlobalSection
EndGlobal
